
Microsoft Visual Studio Solution File, Format Version 12.00
# Visual Studio Version 17
VisualStudioVersion = 17.3.32825.248
MinimumVisualStudioVersion = 10.0.40219.1
Project("{FAE04EC0-301F-11D3-BF4B-00C04F79EFBC}") = "WebshopOpgave(AfshinAzadegan)", "WebshopOpgave(AfshinAzadegan)\WebshopOpgave(AfshinAzadegan).csproj", "{3FD0E9FA-9385-4D94-AE8B-9B740727333A}"
EndProject
Global
	GlobalSection(SolutionConfigurationPlatforms) = preSolution
		Debug|Any CPU = Debug|Any CPU
		Release|Any CPU = Release|Any CPU
	EndGlobalSection
	GlobalSection(ProjectConfigurationPlatforms) = postSolution
		{3FD0E9FA-9385-4D94-AE8B-9B740727333A}.Debug|Any CPU.ActiveCfg = Debug|Any CPU
		{3FD0E9FA-9385-4D94-AE8B-9B740727333A}.Debug|Any CPU.Build.0 = Debug|Any CPU
		{3FD0E9FA-9385-4D94-AE8B-9B740727333A}.Release|Any CPU.ActiveCfg = Release|Any CPU
		{3FD0E9FA-9385-4D94-AE8B-9B740727333A}.Release|Any CPU.Build.0 = Release|Any CPU
	EndGlobalSection
	GlobalSection(SolutionProperties) = preSolution
		HideSolutionNode = FALSE
	EndGlobalSection
	GlobalSection(ExtensibilityGlobals) = postSolution
		SolutionGuid = {8D55B494-A078-486E-84CA-FE4176178E19}
	EndGlobalSection
EndGlobal
